
Microsoft Visual Studio Solution File, Format Version 12.00
# Visual Studio Version 17
VisualStudioVersion = 17.5.33414.496
MinimumVisualStudioVersion = 10.0.40219.1
Project("{FAE04EC0-301F-11D3-BF4B-00C04F79EFBC}") = "Bogdan_Lukic_resenje_zadatka_za_praksu_2023", "Bogdan_Lukic_resenje_zadatka_za_praksu_2023\Bogdan_Lukic_resenje_zadatka_za_praksu_2023.csproj", "{96074C49-8F37-4FBF-BC56-D39CF495BCDB}"
EndProject
Global
	GlobalSection(SolutionConfigurationPlatforms) = preSolution
		Debug|Any CPU = Debug|Any CPU
		Release|Any CPU = Release|Any CPU
	EndGlobalSection
	GlobalSection(ProjectConfigurationPlatforms) = postSolution
		{96074C49-8F37-4FBF-BC56-D39CF495BCDB}.Debug|Any CPU.ActiveCfg = Debug|Any CPU
		{96074C49-8F37-4FBF-BC56-D39CF495BCDB}.Debug|Any CPU.Build.0 = Debug|Any CPU
		{96074C49-8F37-4FBF-BC56-D39CF495BCDB}.Release|Any CPU.ActiveCfg = Release|Any CPU
		{96074C49-8F37-4FBF-BC56-D39CF495BCDB}.Release|Any CPU.Build.0 = Release|Any CPU
	EndGlobalSection
	GlobalSection(SolutionProperties) = preSolution
		HideSolutionNode = FALSE
	EndGlobalSection
	GlobalSection(ExtensibilityGlobals) = postSolution
		SolutionGuid = {3AD0F7D1-AD02-4A22-9BEA-49EE25AA85CB}
	EndGlobalSection
EndGlobal
